
Microsoft Visual Studio Solution File, Format Version 12.00
# Visual Studio 14
VisualStudioVersion = 14.0.25420.1
MinimumVisualStudioVersion = 10.0.40219.1
Project("{FAE04EC0-301F-11D3-BF4B-00C04F79EFBC}") = "Clockproject.Droid", "Clockproject\Clockproject.Droid\Clockproject.Droid.csproj", "{FBEEFE7C-17EE-48BB-A1EB-BDE3C521F8E2}"
EndProject
Project("{FAE04EC0-301F-11D3-BF4B-00C04F79EFBC}") = "Clockproject.iOS", "Clockproject\Clockproject.iOS\Clockproject.iOS.csproj", "{CE24C90E-6B91-46E2-8CF4-0A7FC694DFF6}"
EndProject
Project("{FAE04EC0-301F-11D3-BF4B-00C04F79EFBC}") = "Clockproject.WinPhone", "Clockproject\Clockproject.WinPhone\Clockproject.WinPhone.csproj", "{B6720FE0-DC08-4E1F-9220-52443CBC2E0E}"
EndProject
Project("{FAE04EC0-301F-11D3-BF4B-00C04F79EFBC}") = "Clockproject.Windows", "Clockproject\Clockproject.Windows\Clockproject.Windows.csproj", "{3529AEE6-2994-420F-9818-58F02B11E432}"
EndProject
Project("{FAE04EC0-301F-11D3-BF4B-00C04F79EFBC}") = "Clockproject", "Clockproject\Clockproject\Clockproject.csproj", "{3D250222-8B70-48C0-A042-9272C29CDC83}"
EndProject
Global
	GlobalSection(SolutionConfigurationPlatforms) = preSolution
		Ad-Hoc|Any CPU = Ad-Hoc|Any CPU
		Ad-Hoc|ARM = Ad-Hoc|ARM
		Ad-Hoc|iPhone = Ad-Hoc|iPhone
		Ad-Hoc|iPhoneSimulator = Ad-Hoc|iPhoneSimulator
		Ad-Hoc|x64 = Ad-Hoc|x64
		Ad-Hoc|x86 = Ad-Hoc|x86
		AppStore|Any CPU = AppStore|Any CPU
		AppStore|ARM = AppStore|ARM
		AppStore|iPhone = AppStore|iPhone
		AppStore|iPhoneSimulator = AppStore|iPhoneSimulator
		AppStore|x64 = AppStore|x64
		AppStore|x86 = AppStore|x86
		Debug|Any CPU = Debug|Any CPU
		Debug|ARM = Debug|ARM
		Debug|iPhone = Debug|iPhone
		Debug|iPhoneSimulator = Debug|iPhoneSimulator
		Debug|x64 = Debug|x64
		Debug|x86 = Debug|x86
		Release|Any CPU = Release|Any CPU
		Release|ARM = Release|ARM
		Release|iPhone = Release|iPhone
		Release|iPhoneSimulator = Release|iPhoneSimulator
		Release|x64 = Release|x64
		Release|x86 = Release|x86
	EndGlobalSection
	GlobalSection(ProjectConfigurationPlatforms) = postSolution
		{FBEEFE7C-17EE-48BB-A1EB-BDE3C521F8E2}.Ad-Hoc|Any CPU.ActiveCfg = Release|Any CPU
		{FBEEFE7C-17EE-48BB-A1EB-BDE3C521F8E2}.Ad-Hoc|Any CPU.Build.0 = Release|Any CPU
		{FBEEFE7C-17EE-48BB-A1EB-BDE3C521F8E2}.Ad-Hoc|Any CPU.Deploy.0 = Release|Any CPU
		{FBEEFE7C-17EE-48BB-A1EB-BDE3C521F8E2}.Ad-Hoc|ARM.ActiveCfg = Release|Any CPU
		{FBEEFE7C-17EE-48BB-A1EB-BDE3C521F8E2}.Ad-Hoc|ARM.Build.0 = Release|Any CPU
		{FBEEFE7C-17EE-48BB-A1EB-BDE3C521F8E2}.Ad-Hoc|ARM.Deploy.0 = Release|Any CPU
		{FBEEFE7C-17EE-48BB-A1EB-BDE3C521F8E2}.Ad-Hoc|iPhone.ActiveCfg = Release|Any CPU
		{FBEEFE7C-17EE-48BB-A1EB-BDE3C521F8E2}.Ad-Hoc|iPhone.Build.0 = Release|Any CPU
		{FBEEFE7C-17EE-48BB-A1EB-BDE3C521F8E2}.Ad-Hoc|iPhone.Deploy.0 = Release|Any CPU
		{FBEEFE7C-17EE-48BB-A1EB-BDE3C521F8E2}.Ad-Hoc|iPhoneSimulator.ActiveCfg = Release|Any CPU
		{FBEEFE7C-17EE-48BB-A1EB-BDE3C521F8E2}.Ad-Hoc|iPhoneSimulator.Build.0 = Release|Any CPU
		{FBEEFE7C-17EE-48BB-A1EB-BDE3C521F8E2}.Ad-Hoc|iPhoneSimulator.Deploy.0 = Release|Any CPU
		{FBEEFE7C-17EE-48BB-A1EB-BDE3C521F8E2}.Ad-Hoc|x64.ActiveCfg = Release|Any CPU
		{FBEEFE7C-17EE-48BB-A1EB-BDE3C521F8E2}.Ad-Hoc|x64.Build.0 = Release|Any CPU
		{FBEEFE7C-17EE-48BB-A1EB-BDE3C521F8E2}.Ad-Hoc|x64.Deploy.0 = Release|Any CPU
		{FBEEFE7C-17EE-48BB-A1EB-BDE3C521F8E2}.Ad-Hoc|x86.ActiveCfg = Release|Any CPU
		{FBEEFE7C-17EE-48BB-A1EB-BDE3C521F8E2}.Ad-Hoc|x86.Build.0 = Release|Any CPU
		{FBEEFE7C-17EE-48BB-A1EB-BDE3C521F8E2}.Ad-Hoc|x86.Deploy.0 = Release|Any CPU
		{FBEEFE7C-17EE-48BB-A1EB-BDE3C521F8E2}.AppStore|Any CPU.ActiveCfg = Release|Any CPU
		{FBEEFE7C-17EE-48BB-A1EB-BDE3C521F8E2}.AppStore|Any CPU.Build.0 = Release|Any CPU
		{FBEEFE7C-17EE-48BB-A1EB-BDE3C521F8E2}.AppStore|Any CPU.Deploy.0 = Release|Any CPU
		{FBEEFE7C-17EE-48BB-A1EB-BDE3C521F8E2}.AppStore|ARM.ActiveCfg = Release|Any CPU
		{FBEEFE7C-17EE-48BB-A1EB-BDE3C521F8E2}.AppStore|ARM.Build.0 = Release|Any CPU
		{FBEEFE7C-17EE-48BB-A1EB-BDE3C521F8E2}.AppStore|ARM.Deploy.0 = Release|Any CPU
		{FBEEFE7C-17EE-48BB-A1EB-BDE3C521F8E2}.AppStore|iPhone.ActiveCfg = Release|Any CPU
		{FBEEFE7C-17EE-48BB-A1EB-BDE3C521F8E2}.AppStore|iPhone.Build.0 = Release|Any CPU
		{FBEEFE7C-17EE-48BB-A1EB-BDE3C521F8E2}.AppStore|iPhone.Deploy.0 = Release|Any CPU
		{FBEEFE7C-17EE-48BB-A1EB-BDE3C521F8E2}.AppStore|iPhoneSimulator.ActiveCfg = Release|Any CPU
		{FBEEFE7C-17EE-48BB-A1EB-BDE3C521F8E2}.AppStore|iPhoneSimulator.Build.0 = Release|Any CPU
		{FBEEFE7C-17EE-48BB-A1EB-BDE3C521F8E2}.AppStore|iPhoneSimulator.Deploy.0 = Release|Any CPU
		{FBEEFE7C-17EE-48BB-A1EB-BDE3C521F8E2}.AppStore|x64.ActiveCfg = Release|Any CPU
		{FBEEFE7C-17EE-48BB-A1EB-BDE3C521F8E2}.AppStore|x64.Build.0 = Release|Any CPU
		{FBEEFE7C-17EE-48BB-A1EB-BDE3C521F8E2}.AppStore|x64.Deploy.0 = Release|Any CPU
		{FBEEFE7C-17EE-48BB-A1EB-BDE3C521F8E2}.AppStore|x86.ActiveCfg = Release|Any CPU
		{FBEEFE7C-17EE-48BB-A1EB-BDE3C521F8E2}.AppStore|x86.Build.0 = Release|Any CPU
		{FBEEFE7C-17EE-48BB-A1EB-BDE3C521F8E2}.AppStore|x86.Deploy.0 = Release|Any CPU
		{FBEEFE7C-17EE-48BB-A1EB-BDE3C521F8E2}.Debug|Any CPU.ActiveCfg = Debug|Any CPU
		{FBEEFE7C-17EE-48BB-A1EB-BDE3C521F8E2}.Debug|Any CPU.Build.0 = Debug|Any CPU
		{FBEEFE7C-17EE-48BB-A1EB-BDE3C521F8E2}.Debug|Any CPU.Deploy.0 = Debug|Any CPU
		{FBEEFE7C-17EE-48BB-A1EB-BDE3C521F8E2}.Debug|ARM.ActiveCfg = Debug|Any CPU
		{FBEEFE7C-17EE-48BB-A1EB-BDE3C521F8E2}.Debug|ARM.Build.0 = Debug|Any CPU
		{FBEEFE7C-17EE-48BB-A1EB-BDE3C521F8E2}.Debug|ARM.Deploy.0 = Debug|Any CPU
		{FBEEFE7C-17EE-48BB-A1EB-BDE3C521F8E2}.Debug|iPhone.ActiveCfg = Debug|Any CPU
		{FBEEFE7C-17EE-48BB-A1EB-BDE3C521F8E2}.Debug|iPhone.Build.0 = Debug|Any CPU
		{FBEEFE7C-17EE-48BB-A1EB-BDE3C521F8E2}.Debug|iPhone.Deploy.0 = Debug|Any CPU
		{FBEEFE7C-17EE-48BB-A1EB-BDE3C521F8E2}.Debug|iPhoneSimulator.ActiveCfg = Debug|Any CPU
		{FBEEFE7C-17EE-48BB-A1EB-BDE3C521F8E2}.Debug|iPhoneSimulator.Build.0 = Debug|Any CPU
		{FBEEFE7C-17EE-48BB-A1EB-BDE3C521F8E2}.Debug|iPhoneSimulator.Deploy.0 = Debug|Any CPU
		{FBEEFE7C-17EE-48BB-A1EB-BDE3C521F8E2}.Debug|x64.ActiveCfg = Debug|Any CPU
		{FBEEFE7C-17EE-48BB-A1EB-BDE3C521F8E2}.Debug|x64.Build.0 = Debug|Any CPU
		{FBEEFE7C-17EE-48BB-A1EB-BDE3C521F8E2}.Debug|x64.Deploy.0 = Debug|Any CPU
		{FBEEFE7C-17EE-48BB-A1EB-BDE3C521F8E2}.Debug|x86.ActiveCfg = Debug|Any CPU
		{FBEEFE7C-17EE-48BB-A1EB-BDE3C521F8E2}.Debug|x86.Build.0 = Debug|Any CPU
		{FBEEFE7C-17EE-48BB-A1EB-BDE3C521F8E2}.Debug|x86.Deploy.0 = Debug|Any CPU
		{FBEEFE7C-17EE-48BB-A1EB-BDE3C521F8E2}.Release|Any CPU.ActiveCfg = Release|Any CPU
		{FBEEFE7C-17EE-48BB-A1EB-BDE3C521F8E2}.Release|Any CPU.Build.0 = Release|Any CPU
		{FBEEFE7C-17EE-48BB-A1EB-BDE3C521F8E2}.Release|Any CPU.Deploy.0 = Release|Any CPU
		{FBEEFE7C-17EE-48BB-A1EB-BDE3C521F8E2}.Release|ARM.ActiveCfg = Release|Any CPU
		{FBEEFE7C-17EE-48BB-A1EB-BDE3C521F8E2}.Release|ARM.Build.0 = Release|Any CPU
		{FBEEFE7C-17EE-48BB-A1EB-BDE3C521F8E2}.Release|ARM.Deploy.0 = Release|Any CPU
		{FBEEFE7C-17EE-48BB-A1EB-BDE3C521F8E2}.Release|iPhone.ActiveCfg = Release|Any CPU
		{FBEEFE7C-17EE-48BB-A1EB-BDE3C521F8E2}.Release|iPhone.Build.0 = Release|Any CPU
		{FBEEFE7C-17EE-48BB-A1EB-BDE3C521F8E2}.Release|iPhone.Deploy.0 = Release|Any CPU
		{FBEEFE7C-17EE-48BB-A1EB-BDE3C521F8E2}.Release|iPhoneSimulator.ActiveCfg = Release|Any CPU
		{FBEEFE7C-17EE-48BB-A1EB-BDE3C521F8E2}.Release|iPhoneSimulator.Build.0 = Release|Any CPU
		{FBEEFE7C-17EE-48BB-A1EB-BDE3C521F8E2}.Release|iPhoneSimulator.Deploy.0 = Release|Any CPU
		{FBEEFE7C-17EE-48BB-A1EB-BDE3C521F8E2}.Release|x64.ActiveCfg = Release|Any CPU
		{FBEEFE7C-17EE-48BB-A1EB-BDE3C521F8E2}.Release|x64.Build.0 = Release|Any CPU
		{FBEEFE7C-17EE-48BB-A1EB-BDE3C521F8E2}.Release|x64.Deploy.0 = Release|Any CPU
		{FBEEFE7C-17EE-48BB-A1EB-BDE3C521F8E2}.Release|x86.ActiveCfg = Release|Any CPU
		{FBEEFE7C-17EE-48BB-A1EB-BDE3C521F8E2}.Release|x86.Build.0 = Release|Any CPU
		{FBEEFE7C-17EE-48BB-A1EB-BDE3C521F8E2}.Release|x86.Deploy.0 = Release|Any CPU
		{CE24C90E-6B91-46E2-8CF4-0A7FC694DFF6}.Ad-Hoc|Any CPU.ActiveCfg = Ad-Hoc|iPhone
		{CE24C90E-6B91-46E2-8CF4-0A7FC694DFF6}.Ad-Hoc|ARM.ActiveCfg = Ad-Hoc|iPhone
		{CE24C90E-6B91-46E2-8CF4-0A7FC694DFF6}.Ad-Hoc|iPhone.ActiveCfg = Ad-Hoc|iPhone
		{CE24C90E-6B91-46E2-8CF4-0A7FC694DFF6}.Ad-Hoc|iPhone.Build.0 = Ad-Hoc|iPhone
		{CE24C90E-6B91-46E2-8CF4-0A7FC694DFF6}.Ad-Hoc|iPhoneSimulator.ActiveCfg = Ad-Hoc|iPhoneSimulator
		{CE24C90E-6B91-46E2-8CF4-0A7FC694DFF6}.Ad-Hoc|iPhoneSimulator.Build.0 = Ad-Hoc|iPhoneSimulator
		{CE24C90E-6B91-46E2-8CF4-0A7FC694DFF6}.Ad-Hoc|x64.ActiveCfg = Ad-Hoc|iPhone
		{CE24C90E-6B91-46E2-8CF4-0A7FC694DFF6}.Ad-Hoc|x86.ActiveCfg = Ad-Hoc|iPhone
		{CE24C90E-6B91-46E2-8CF4-0A7FC694DFF6}.AppStore|Any CPU.ActiveCfg = AppStore|iPhone
		{CE24C90E-6B91-46E2-8CF4-0A7FC694DFF6}.AppStore|ARM.ActiveCfg = AppStore|iPhone
		{CE24C90E-6B91-46E2-8CF4-0A7FC694DFF6}.AppStore|iPhone.ActiveCfg = AppStore|iPhone
		{CE24C90E-6B91-46E2-8CF4-0A7FC694DFF6}.AppStore|iPhone.Build.0 = AppStore|iPhone
		{CE24C90E-6B91-46E2-8CF4-0A7FC694DFF6}.AppStore|iPhoneSimulator.ActiveCfg = AppStore|iPhoneSimulator
		{CE24C90E-6B91-46E2-8CF4-0A7FC694DFF6}.AppStore|iPhoneSimulator.Build.0 = AppStore|iPhoneSimulator
		{CE24C90E-6B91-46E2-8CF4-0A7FC694DFF6}.AppStore|x64.ActiveCfg = AppStore|iPhone
		{CE24C90E-6B91-46E2-8CF4-0A7FC694DFF6}.AppStore|x86.ActiveCfg = AppStore|iPhone
		{CE24C90E-6B91-46E2-8CF4-0A7FC694DFF6}.Debug|Any CPU.ActiveCfg = Debug|iPhone
		{CE24C90E-6B91-46E2-8CF4-0A7FC694DFF6}.Debug|ARM.ActiveCfg = Debug|iPhone
		{CE24C90E-6B91-46E2-8CF4-0A7FC694DFF6}.Debug|iPhone.ActiveCfg = Debug|iPhone
		{CE24C90E-6B91-46E2-8CF4-0A7FC694DFF6}.Debug|iPhone.Build.0 = Debug|iPhone
		{CE24C90E-6B91-46E2-8CF4-0A7FC694DFF6}.Debug|iPhoneSimulator.ActiveCfg = Debug|iPhoneSimulator
		{CE24C90E-6B91-46E2-8CF4-0A7FC694DFF6}.Debug|iPhoneSimulator.Build.0 = Debug|iPhoneSimulator
		{CE24C90E-6B91-46E2-8CF4-0A7FC694DFF6}.Debug|x64.ActiveCfg = Debug|iPhone
		{CE24C90E-6B91-46E2-8CF4-0A7FC694DFF6}.Debug|x86.ActiveCfg = Debug|iPhone
		{CE24C90E-6B91-46E2-8CF4-0A7FC694DFF6}.Release|Any CPU.ActiveCfg = Release|iPhone
		{CE24C90E-6B91-46E2-8CF4-0A7FC694DFF6}.Release|ARM.ActiveCfg = Release|iPhone
		{CE24C90E-6B91-46E2-8CF4-0A7FC694DFF6}.Release|iPhone.ActiveCfg = Release|iPhone
		{CE24C90E-6B91-46E2-8CF4-0A7FC694DFF6}.Release|iPhone.Build.0 = Release|iPhone
		{CE24C90E-6B91-46E2-8CF4-0A7FC694DFF6}.Release|iPhoneSimulator.ActiveCfg = Release|iPhoneSimulator
		{CE24C90E-6B91-46E2-8CF4-0A7FC694DFF6}.Release|iPhoneSimulator.Build.0 = Release|iPhoneSimulator
		{CE24C90E-6B91-46E2-8CF4-0A7FC694DFF6}.Release|x64.ActiveCfg = Release|iPhone
		{CE24C90E-6B91-46E2-8CF4-0A7FC694DFF6}.Release|x86.ActiveCfg = Release|iPhone
		{B6720FE0-DC08-4E1F-9220-52443CBC2E0E}.Ad-Hoc|Any CPU.ActiveCfg = Release|Any CPU
		{B6720FE0-DC08-4E1F-9220-52443CBC2E0E}.Ad-Hoc|Any CPU.Build.0 = Release|Any CPU
		{B6720FE0-DC08-4E1F-9220-52443CBC2E0E}.Ad-Hoc|Any CPU.Deploy.0 = Release|Any CPU
		{B6720FE0-DC08-4E1F-9220-52443CBC2E0E}.Ad-Hoc|ARM.ActiveCfg = Release|ARM
		{B6720FE0-DC08-4E1F-9220-52443CBC2E0E}.Ad-Hoc|ARM.Build.0 = Release|ARM
		{B6720FE0-DC08-4E1F-9220-52443CBC2E0E}.Ad-Hoc|ARM.Deploy.0 = Release|ARM
		{B6720FE0-DC08-4E1F-9220-52443CBC2E0E}.Ad-Hoc|iPhone.ActiveCfg = Release|Any CPU
		{B6720FE0-DC08-4E1F-9220-52443CBC2E0E}.Ad-Hoc|iPhone.Build.0 = Release|Any CPU
		{B6720FE0-DC08-4E1F-9220-52443CBC2E0E}.Ad-Hoc|iPhone.Deploy.0 = Release|Any CPU
		{B6720FE0-DC08-4E1F-9220-52443CBC2E0E}.Ad-Hoc|iPhoneSimulator.ActiveCfg = Release|Any CPU
		{B6720FE0-DC08-4E1F-9220-52443CBC2E0E}.Ad-Hoc|iPhoneSimulator.Build.0 = Release|Any CPU
		{B6720FE0-DC08-4E1F-9220-52443CBC2E0E}.Ad-Hoc|iPhoneSimulator.Deploy.0 = Release|Any CPU
		{B6720FE0-DC08-4E1F-9220-52443CBC2E0E}.Ad-Hoc|x64.ActiveCfg = Release|Any CPU
		{B6720FE0-DC08-4E1F-9220-52443CBC2E0E}.Ad-Hoc|x64.Build.0 = Release|Any CPU
		{B6720FE0-DC08-4E1F-9220-52443CBC2E0E}.Ad-Hoc|x64.Deploy.0 = Release|Any CPU
		{B6720FE0-DC08-4E1F-9220-52443CBC2E0E}.Ad-Hoc|x86.ActiveCfg = Release|x86
		{B6720FE0-DC08-4E1F-9220-52443CBC2E0E}.Ad-Hoc|x86.Build.0 = Release|x86
		{B6720FE0-DC08-4E1F-9220-52443CBC2E0E}.Ad-Hoc|x86.Deploy.0 = Release|x86
		{B6720FE0-DC08-4E1F-9220-52443CBC2E0E}.AppStore|Any CPU.ActiveCfg = Release|Any CPU
		{B6720FE0-DC08-4E1F-9220-52443CBC2E0E}.AppStore|Any CPU.Build.0 = Release|Any CPU
		{B6720FE0-DC08-4E1F-9220-52443CBC2E0E}.AppStore|Any CPU.Deploy.0 = Release|Any CPU
		{B6720FE0-DC08-4E1F-9220-52443CBC2E0E}.AppStore|ARM.ActiveCfg = Release|ARM
		{B6720FE0-DC08-4E1F-9220-52443CBC2E0E}.AppStore|ARM.Build.0 = Release|ARM
		{B6720FE0-DC08-4E1F-9220-52443CBC2E0E}.AppStore|ARM.Deploy.0 = Release|ARM
		{B6720FE0-DC08-4E1F-9220-52443CBC2E0E}.AppStore|iPhone.ActiveCfg = Release|Any CPU
		{B6720FE0-DC08-4E1F-9220-52443CBC2E0E}.AppStore|iPhone.Build.0 = Release|Any CPU
		{B6720FE0-DC08-4E1F-9220-52443CBC2E0E}.AppStore|iPhone.Deploy.0 = Release|Any CPU
		{B6720FE0-DC08-4E1F-9220-52443CBC2E0E}.AppStore|iPhoneSimulator.ActiveCfg = Release|Any CPU
		{B6720FE0-DC08-4E1F-9220-52443CBC2E0E}.AppStore|iPhoneSimulator.Build.0 = Release|Any CPU
		{B6720FE0-DC08-4E1F-9220-52443CBC2E0E}.AppStore|iPhoneSimulator.Deploy.0 = Release|Any CPU
		{B6720FE0-DC08-4E1F-9220-52443CBC2E0E}.AppStore|x64.ActiveCfg = Release|Any CPU
		{B6720FE0-DC08-4E1F-9220-52443CBC2E0E}.AppStore|x64.Build.0 = Release|Any CPU
		{B6720FE0-DC08-4E1F-9220-52443CBC2E0E}.AppStore|x64.Deploy.0 = Release|Any CPU
		{B6720FE0-DC08-4E1F-9220-52443CBC2E0E}.AppStore|x86.ActiveCfg = Release|x86
		{B6720FE0-DC08-4E1F-9220-52443CBC2E0E}.AppStore|x86.Build.0 = Release|x86
		{B6720FE0-DC08-4E1F-9220-52443CBC2E0E}.AppStore|x86.Deploy.0 = Release|x86
		{B6720FE0-DC08-4E1F-9220-52443CBC2E0E}.Debug|Any CPU.ActiveCfg = Debug|Any CPU
		{B6720FE0-DC08-4E1F-9220-52443CBC2E0E}.Debug|Any CPU.Build.0 = Debug|Any CPU
		{B6720FE0-DC08-4E1F-9220-52443CBC2E0E}.Debug|Any CPU.Deploy.0 = Debug|Any CPU
		{B6720FE0-DC08-4E1F-9220-52443CBC2E0E}.Debug|ARM.ActiveCfg = Debug|ARM
		{B6720FE0-DC08-4E1F-9220-52443CBC2E0E}.Debug|ARM.Build.0 = Debug|ARM
		{B6720FE0-DC08-4E1F-9220-52443CBC2E0E}.Debug|ARM.Deploy.0 = Debug|ARM
		{B6720FE0-DC08-4E1F-9220-52443CBC2E0E}.Debug|iPhone.ActiveCfg = Debug|Any CPU
		{B6720FE0-DC08-4E1F-9220-52443CBC2E0E}.Debug|iPhone.Build.0 = Debug|Any CPU
		{B6720FE0-DC08-4E1F-9220-52443CBC2E0E}.Debug|iPhone.Deploy.0 = Debug|Any CPU
		{B6720FE0-DC08-4E1F-9220-52443CBC2E0E}.Debug|iPhoneSimulator.ActiveCfg = Debug|Any CPU
		{B6720FE0-DC08-4E1F-9220-52443CBC2E0E}.Debug|iPhoneSimulator.Build.0 = Debug|Any CPU
		{B6720FE0-DC08-4E1F-9220-52443CBC2E0E}.Debug|iPhoneSimulator.Deploy.0 = Debug|Any CPU
		{B6720FE0-DC08-4E1F-9220-52443CBC2E0E}.Debug|x64.ActiveCfg = Debug|Any CPU
		{B6720FE0-DC08-4E1F-9220-52443CBC2E0E}.Debug|x64.Build.0 = Debug|Any CPU
		{B6720FE0-DC08-4E1F-9220-52443CBC2E0E}.Debug|x64.Deploy.0 = Debug|Any CPU
		{B6720FE0-DC08-4E1F-9220-52443CBC2E0E}.Debug|x86.ActiveCfg = Debug|x86
		{B6720FE0-DC08-4E1F-9220-52443CBC2E0E}.Debug|x86.Build.0 = Debug|x86
		{B6720FE0-DC08-4E1F-9220-52443CBC2E0E}.Debug|x86.Deploy.0 = Debug|x86
		{B6720FE0-DC08-4E1F-9220-52443CBC2E0E}.Release|Any CPU.ActiveCfg = Release|Any CPU
		{B6720FE0-DC08-4E1F-9220-52443CBC2E0E}.Release|Any CPU.Build.0 = Release|Any CPU
		{B6720FE0-DC08-4E1F-9220-52443CBC2E0E}.Release|Any CPU.Deploy.0 = Release|Any CPU
		{B6720FE0-DC08-4E1F-9220-52443CBC2E0E}.Release|ARM.ActiveCfg = Release|ARM
		{B6720FE0-DC08-4E1F-9220-52443CBC2E0E}.Release|ARM.Build.0 = Release|ARM
		{B6720FE0-DC08-4E1F-9220-52443CBC2E0E}.Release|ARM.Deploy.0 = Release|ARM
		{B6720FE0-DC08-4E1F-9220-52443CBC2E0E}.Release|iPhone.ActiveCfg = Release|Any CPU
		{B6720FE0-DC08-4E1F-9220-52443CBC2E0E}.Release|iPhone.Build.0 = Release|Any CPU
		{B6720FE0-DC08-4E1F-9220-52443CBC2E0E}.Release|iPhone.Deploy.0 = Release|Any CPU
		{B6720FE0-DC08-4E1F-9220-52443CBC2E0E}.Release|iPhoneSimulator.ActiveCfg = Release|Any CPU
		{B6720FE0-DC08-4E1F-9220-52443CBC2E0E}.Release|iPhoneSimulator.Build.0 = Release|Any CPU
		{B6720FE0-DC08-4E1F-9220-52443CBC2E0E}.Release|iPhoneSimulator.Deploy.0 = Release|Any CPU
		{B6720FE0-DC08-4E1F-9220-52443CBC2E0E}.Release|x64.ActiveCfg = Release|Any CPU
		{B6720FE0-DC08-4E1F-9220-52443CBC2E0E}.Release|x64.Build.0 = Release|Any CPU
		{B6720FE0-DC08-4E1F-9220-52443CBC2E0E}.Release|x64.Deploy.0 = Release|Any CPU
		{B6720FE0-DC08-4E1F-9220-52443CBC2E0E}.Release|x86.ActiveCfg = Release|x86
		{B6720FE0-DC08-4E1F-9220-52443CBC2E0E}.Release|x86.Build.0 = Release|x86
		{B6720FE0-DC08-4E1F-9220-52443CBC2E0E}.Release|x86.Deploy.0 = Release|x86
		{3529AEE6-2994-420F-9818-58F02B11E432}.Ad-Hoc|Any CPU.ActiveCfg = Release|Any CPU
		{3529AEE6-2994-420F-9818-58F02B11E432}.Ad-Hoc|Any CPU.Build.0 = Release|Any CPU
		{3529AEE6-2994-420F-9818-58F02B11E432}.Ad-Hoc|Any CPU.Deploy.0 = Release|Any CPU
		{3529AEE6-2994-420F-9818-58F02B11E432}.Ad-Hoc|ARM.ActiveCfg = Release|ARM
		{3529AEE6-2994-420F-9818-58F02B11E432}.Ad-Hoc|ARM.Build.0 = Release|ARM
		{3529AEE6-2994-420F-9818-58F02B11E432}.Ad-Hoc|ARM.Deploy.0 = Release|ARM
		{3529AEE6-2994-420F-9818-58F02B11E432}.Ad-Hoc|iPhone.ActiveCfg = Release|Any CPU
		{3529AEE6-2994-420F-9818-58F02B11E432}.Ad-Hoc|iPhone.Build.0 = Release|Any CPU
		{3529AEE6-2994-420F-9818-58F02B11E432}.Ad-Hoc|iPhone.Deploy.0 = Release|Any CPU
		{3529AEE6-2994-420F-9818-58F02B11E432}.Ad-Hoc|iPhoneSimulator.ActiveCfg = Release|Any CPU
		{3529AEE6-2994-420F-9818-58F02B11E432}.Ad-Hoc|iPhoneSimulator.Build.0 = Release|Any CPU
		{3529AEE6-2994-420F-9818-58F02B11E432}.Ad-Hoc|iPhoneSimulator.Deploy.0 = Release|Any CPU
		{3529AEE6-2994-420F-9818-58F02B11E432}.Ad-Hoc|x64.ActiveCfg = Release|x64
		{3529AEE6-2994-420F-9818-58F02B11E432}.Ad-Hoc|x64.Build.0 = Release|x64
		{3529AEE6-2994-420F-9818-58F02B11E432}.Ad-Hoc|x64.Deploy.0 = Release|x64
		{3529AEE6-2994-420F-9818-58F02B11E432}.Ad-Hoc|x86.ActiveCfg = Release|x86
		{3529AEE6-2994-420F-9818-58F02B11E432}.Ad-Hoc|x86.Build.0 = Release|x86
		{3529AEE6-2994-420F-9818-58F02B11E432}.Ad-Hoc|x86.Deploy.0 = Release|x86
		{3529AEE6-2994-420F-9818-58F02B11E432}.AppStore|Any CPU.ActiveCfg = Release|Any CPU
		{3529AEE6-2994-420F-9818-58F02B11E432}.AppStore|Any CPU.Build.0 = Release|Any CPU
		{3529AEE6-2994-420F-9818-58F02B11E432}.AppStore|Any CPU.Deploy.0 = Release|Any CPU
		{3529AEE6-2994-420F-9818-58F02B11E432}.AppStore|ARM.ActiveCfg = Release|ARM
		{3529AEE6-2994-420F-9818-58F02B11E432}.AppStore|ARM.Build.0 = Release|ARM
		{3529AEE6-2994-420F-9818-58F02B11E432}.AppStore|ARM.Deploy.0 = Release|ARM
		{3529AEE6-2994-420F-9818-58F02B11E432}.AppStore|iPhone.ActiveCfg = Release|Any CPU
		{3529AEE6-2994-420F-9818-58F02B11E432}.AppStore|iPhone.Build.0 = Release|Any CPU
		{3529AEE6-2994-420F-9818-58F02B11E432}.AppStore|iPhone.Deploy.0 = Release|Any CPU
		{3529AEE6-2994-420F-9818-58F02B11E432}.AppStore|iPhoneSimulator.ActiveCfg = Release|Any CPU
		{3529AEE6-2994-420F-9818-58F02B11E432}.AppStore|iPhoneSimulator.Build.0 = Release|Any CPU
		{3529AEE6-2994-420F-9818-58F02B11E432}.AppStore|iPhoneSimulator.Deploy.0 = Release|Any CPU
		{3529AEE6-2994-420F-9818-58F02B11E432}.AppStore|x64.ActiveCfg = Release|x64
		{3529AEE6-2994-420F-9818-58F02B11E432}.AppStore|x64.Build.0 = Release|x64
		{3529AEE6-2994-420F-9818-58F02B11E432}.AppStore|x64.Deploy.0 = Release|x64
		{3529AEE6-2994-420F-9818-58F02B11E432}.AppStore|x86.ActiveCfg = Release|x86
		{3529AEE6-2994-420F-9818-58F02B11E432}.AppStore|x86.Build.0 = Release|x86
		{3529AEE6-2994-420F-9818-58F02B11E432}.AppStore|x86.Deploy.0 = Release|x86
		{3529AEE6-2994-420F-9818-58F02B11E432}.Debug|Any CPU.ActiveCfg = Debug|Any CPU
		{3529AEE6-2994-420F-9818-58F02B11E432}.Debug|Any CPU.Build.0 = Debug|Any CPU
		{3529AEE6-2994-420F-9818-58F02B11E432}.Debug|Any CPU.Deploy.0 = Debug|Any CPU
		{3529AEE6-2994-420F-9818-58F02B11E432}.Debug|ARM.ActiveCfg = Debug|ARM
		{3529AEE6-2994-420F-9818-58F02B11E432}.Debug|ARM.Build.0 = Debug|ARM
		{3529AEE6-2994-420F-9818-58F02B11E432}.Debug|ARM.Deploy.0 = Debug|ARM
		{3529AEE6-2994-420F-9818-58F02B11E432}.Debug|iPhone.ActiveCfg = Debug|Any CPU
		{3529AEE6-2994-420F-9818-58F02B11E432}.Debug|iPhone.Build.0 = Debug|Any CPU
		{3529AEE6-2994-420F-9818-58F02B11E432}.Debug|iPhone.Deploy.0 = Debug|Any CPU
		{3529AEE6-2994-420F-9818-58F02B11E432}.Debug|iPhoneSimulator.ActiveCfg = Debug|Any CPU
		{3529AEE6-2994-420F-9818-58F02B11E432}.Debug|iPhoneSimulator.Build.0 = Debug|Any CPU
		{3529AEE6-2994-420F-9818-58F02B11E432}.Debug|iPhoneSimulator.Deploy.0 = Debug|Any CPU
		{3529AEE6-2994-420F-9818-58F02B11E432}.Debug|x64.ActiveCfg = Debug|x64
		{3529AEE6-2994-420F-9818-58F02B11E432}.Debug|x64.Build.0 = Debug|x64
		{3529AEE6-2994-420F-9818-58F02B11E432}.Debug|x64.Deploy.0 = Debug|x64
		{3529AEE6-2994-420F-9818-58F02B11E432}.Debug|x86.ActiveCfg = Debug|x86
		{3529AEE6-2994-420F-9818-58F02B11E432}.Debug|x86.Build.0 = Debug|x86
		{3529AEE6-2994-420F-9818-58F02B11E432}.Debug|x86.Deploy.0 = Debug|x86
		{3529AEE6-2994-420F-9818-58F02B11E432}.Release|Any CPU.ActiveCfg = Release|Any CPU
		{3529AEE6-2994-420F-9818-58F02B11E432}.Release|Any CPU.Build.0 = Release|Any CPU
		{3529AEE6-2994-420F-9818-58F02B11E432}.Release|Any CPU.Deploy.0 = Release|Any CPU
		{3529AEE6-2994-420F-9818-58F02B11E432}.Release|ARM.ActiveCfg = Release|ARM
		{3529AEE6-2994-420F-9818-58F02B11E432}.Release|ARM.Build.0 = Release|ARM
		{3529AEE6-2994-420F-9818-58F02B11E432}.Release|ARM.Deploy.0 = Release|ARM
		{3529AEE6-2994-420F-9818-58F02B11E432}.Release|iPhone.ActiveCfg = Release|Any CPU
		{3529AEE6-2994-420F-9818-58F02B11E432}.Release|iPhone.Build.0 = Release|Any CPU
		{3529AEE6-2994-420F-9818-58F02B11E432}.Release|iPhone.Deploy.0 = Release|Any CPU
		{3529AEE6-2994-420F-9818-58F02B11E432}.Release|iPhoneSimulator.ActiveCfg = Release|Any CPU
		{3529AEE6-2994-420F-9818-58F02B11E432}.Release|iPhoneSimulator.Build.0 = Release|Any CPU
		{3529AEE6-2994-420F-9818-58F02B11E432}.Release|iPhoneSimulator.Deploy.0 = Release|Any CPU
		{3529AEE6-2994-420F-9818-58F02B11E432}.Release|x64.ActiveCfg = Release|x64
		{3529AEE6-2994-420F-9818-58F02B11E432}.Release|x64.Build.0 = Release|x64
		{3529AEE6-2994-420F-9818-58F02B11E432}.Release|x64.Deploy.0 = Release|x64
		{3529AEE6-2994-420F-9818-58F02B11E432}.Release|x86.ActiveCfg = Release|x86
		{3529AEE6-2994-420F-9818-58F02B11E432}.Release|x86.Build.0 = Release|x86
		{3529AEE6-2994-420F-9818-58F02B11E432}.Release|x86.Deploy.0 = Release|x86
		{3D250222-8B70-48C0-A042-9272C29CDC83}.Ad-Hoc|Any CPU.ActiveCfg = Release|Any CPU
		{3D250222-8B70-48C0-A042-9272C29CDC83}.Ad-Hoc|Any CPU.Build.0 = Release|Any CPU
		{3D250222-8B70-48C0-A042-9272C29CDC83}.Ad-Hoc|ARM.ActiveCfg = Release|Any CPU
		{3D250222-8B70-48C0-A042-9272C29CDC83}.Ad-Hoc|ARM.Build.0 = Release|Any CPU
		{3D250222-8B70-48C0-A042-9272C29CDC83}.Ad-Hoc|iPhone.ActiveCfg = Release|Any CPU
		{3D250222-8B70-48C0-A042-9272C29CDC83}.Ad-Hoc|iPhone.Build.0 = Release|Any CPU
		{3D250222-8B70-48C0-A042-9272C29CDC83}.Ad-Hoc|iPhoneSimulator.ActiveCfg = Release|Any CPU
		{3D250222-8B70-48C0-A042-9272C29CDC83}.Ad-Hoc|iPhoneSimulator.Build.0 = Release|Any CPU
		{3D250222-8B70-48C0-A042-9272C29CDC83}.Ad-Hoc|x64.ActiveCfg = Release|Any CPU
		{3D250222-8B70-48C0-A042-9272C29CDC83}.Ad-Hoc|x64.Build.0 = Release|Any CPU
		{3D250222-8B70-48C0-A042-9272C29CDC83}.Ad-Hoc|x86.ActiveCfg = Release|Any CPU
		{3D250222-8B70-48C0-A042-9272C29CDC83}.Ad-Hoc|x86.Build.0 = Release|Any CPU
		{3D250222-8B70-48C0-A042-9272C29CDC83}.AppStore|Any CPU.ActiveCfg = Release|Any CPU
		{3D250222-8B70-48C0-A042-9272C29CDC83}.AppStore|Any CPU.Build.0 = Release|Any CPU
		{3D250222-8B70-48C0-A042-9272C29CDC83}.AppStore|ARM.ActiveCfg = Release|Any CPU
		{3D250222-8B70-48C0-A042-9272C29CDC83}.AppStore|ARM.Build.0 = Release|Any CPU
		{3D250222-8B70-48C0-A042-9272C29CDC83}.AppStore|iPhone.ActiveCfg = Release|Any CPU
		{3D250222-8B70-48C0-A042-9272C29CDC83}.AppStore|iPhone.Build.0 = Release|Any CPU
		{3D250222-8B70-48C0-A042-9272C29CDC83}.AppStore|iPhoneSimulator.ActiveCfg = Release|Any CPU
		{3D250222-8B70-48C0-A042-9272C29CDC83}.AppStore|iPhoneSimulator.Build.0 = Release|Any CPU
		{3D250222-8B70-48C0-A042-9272C29CDC83}.AppStore|x64.ActiveCfg = Release|Any CPU
		{3D250222-8B70-48C0-A042-9272C29CDC83}.AppStore|x64.Build.0 = Release|Any CPU
		{3D250222-8B70-48C0-A042-9272C29CDC83}.AppStore|x86.ActiveCfg = Release|Any CPU
		{3D250222-8B70-48C0-A042-9272C29CDC83}.AppStore|x86.Build.0 = Release|Any CPU
		{3D250222-8B70-48C0-A042-9272C29CDC83}.Debug|Any CPU.ActiveCfg = Debug|Any CPU
		{3D250222-8B70-48C0-A042-9272C29CDC83}.Debug|Any CPU.Build.0 = Debug|Any CPU
		{3D250222-8B70-48C0-A042-9272C29CDC83}.Debug|ARM.ActiveCfg = Debug|Any CPU
		{3D250222-8B70-48C0-A042-9272C29CDC83}.Debug|ARM.Build.0 = Debug|Any CPU
		{3D250222-8B70-48C0-A042-9272C29CDC83}.Debug|iPhone.ActiveCfg = Debug|Any CPU
		{3D250222-8B70-48C0-A042-9272C29CDC83}.Debug|iPhone.Build.0 = Debug|Any CPU
		{3D250222-8B70-48C0-A042-9272C29CDC83}.Debug|iPhoneSimulator.ActiveCfg = Debug|Any CPU
		{3D250222-8B70-48C0-A042-9272C29CDC83}.Debug|iPhoneSimulator.Build.0 = Debug|Any CPU
		{3D250222-8B70-48C0-A042-9272C29CDC83}.Debug|x64.ActiveCfg = Debug|Any CPU
		{3D250222-8B70-48C0-A042-9272C29CDC83}.Debug|x64.Build.0 = Debug|Any CPU
		{3D250222-8B70-48C0-A042-9272C29CDC83}.Debug|x86.ActiveCfg = Debug|Any CPU
		{3D250222-8B70-48C0-A042-9272C29CDC83}.Debug|x86.Build.0 = Debug|Any CPU
		{3D250222-8B70-48C0-A042-9272C29CDC83}.Release|Any CPU.ActiveCfg = Release|Any CPU
		{3D250222-8B70-48C0-A042-9272C29CDC83}.Release|Any CPU.Build.0 = Release|Any CPU
		{3D250222-8B70-48C0-A042-9272C29CDC83}.Release|ARM.ActiveCfg = Release|Any CPU
		{3D250222-8B70-48C0-A042-9272C29CDC83}.Release|ARM.Build.0 = Release|Any CPU
		{3D250222-8B70-48C0-A042-9272C29CDC83}.Release|iPhone.ActiveCfg = Release|Any CPU
		{3D250222-8B70-48C0-A042-9272C29CDC83}.Release|iPhone.Build.0 = Release|Any CPU
		{3D250222-8B70-48C0-A042-9272C29CDC83}.Release|iPhoneSimulator.ActiveCfg = Release|Any CPU
		{3D250222-8B70-48C0-A042-9272C29CDC83}.Release|iPhoneSimulator.Build.0 = Release|Any CPU
		{3D250222-8B70-48C0-A042-9272C29CDC83}.Release|x64.ActiveCfg = Release|Any CPU
		{3D250222-8B70-48C0-A042-9272C29CDC83}.Release|x64.Build.0 = Release|Any CPU
		{3D250222-8B70-48C0-A042-9272C29CDC83}.Release|x86.ActiveCfg = Release|Any CPU
		{3D250222-8B70-48C0-A042-9272C29CDC83}.Release|x86.Build.0 = Release|Any CPU
	EndGlobalSection
	GlobalSection(SolutionProperties) = preSolution
		HideSolutionNode = FALSE
	EndGlobalSection
EndGlobal
