
Microsoft Visual Studio Solution File, Format Version 12.00
# Visual Studio 14
VisualStudioVersion = 14.0.25420.1
MinimumVisualStudioVersion = 10.0.40219.1
Project("{FAE04EC0-301F-11D3-BF4B-00C04F79EFBC}") = "SimplestMVVM.Droid", "SimplestMVVM\SimplestMVVM.Droid\SimplestMVVM.Droid.csproj", "{F1FC8413-9C49-4D07-B8B6-821EFF5F9BB8}"
EndProject
Project("{FAE04EC0-301F-11D3-BF4B-00C04F79EFBC}") = "SimplestMVVM.iOS", "SimplestMVVM\SimplestMVVM.iOS\SimplestMVVM.iOS.csproj", "{5F494768-A86B-4689-8FA0-562CE3190D0F}"
EndProject
Project("{FAE04EC0-301F-11D3-BF4B-00C04F79EFBC}") = "SimplestMVVM", "SimplestMVVM\SimplestMVVM\SimplestMVVM.csproj", "{0022FD75-FEE3-4539-9857-3A33C9923E48}"
EndProject
Global
	GlobalSection(SolutionConfigurationPlatforms) = preSolution
		Ad-Hoc|Any CPU = Ad-Hoc|Any CPU
		Ad-Hoc|ARM = Ad-Hoc|ARM
		Ad-Hoc|iPhone = Ad-Hoc|iPhone
		Ad-Hoc|iPhoneSimulator = Ad-Hoc|iPhoneSimulator
		Ad-Hoc|x64 = Ad-Hoc|x64
		Ad-Hoc|x86 = Ad-Hoc|x86
		AppStore|Any CPU = AppStore|Any CPU
		AppStore|ARM = AppStore|ARM
		AppStore|iPhone = AppStore|iPhone
		AppStore|iPhoneSimulator = AppStore|iPhoneSimulator
		AppStore|x64 = AppStore|x64
		AppStore|x86 = AppStore|x86
		Debug|Any CPU = Debug|Any CPU
		Debug|ARM = Debug|ARM
		Debug|iPhone = Debug|iPhone
		Debug|iPhoneSimulator = Debug|iPhoneSimulator
		Debug|x64 = Debug|x64
		Debug|x86 = Debug|x86
		Release|Any CPU = Release|Any CPU
		Release|ARM = Release|ARM
		Release|iPhone = Release|iPhone
		Release|iPhoneSimulator = Release|iPhoneSimulator
		Release|x64 = Release|x64
		Release|x86 = Release|x86
	EndGlobalSection
	GlobalSection(ProjectConfigurationPlatforms) = postSolution
		{F1FC8413-9C49-4D07-B8B6-821EFF5F9BB8}.Ad-Hoc|Any CPU.ActiveCfg = Release|Any CPU
		{F1FC8413-9C49-4D07-B8B6-821EFF5F9BB8}.Ad-Hoc|Any CPU.Build.0 = Release|Any CPU
		{F1FC8413-9C49-4D07-B8B6-821EFF5F9BB8}.Ad-Hoc|Any CPU.Deploy.0 = Release|Any CPU
		{F1FC8413-9C49-4D07-B8B6-821EFF5F9BB8}.Ad-Hoc|ARM.ActiveCfg = Release|Any CPU
		{F1FC8413-9C49-4D07-B8B6-821EFF5F9BB8}.Ad-Hoc|ARM.Build.0 = Release|Any CPU
		{F1FC8413-9C49-4D07-B8B6-821EFF5F9BB8}.Ad-Hoc|ARM.Deploy.0 = Release|Any CPU
		{F1FC8413-9C49-4D07-B8B6-821EFF5F9BB8}.Ad-Hoc|iPhone.ActiveCfg = Release|Any CPU
		{F1FC8413-9C49-4D07-B8B6-821EFF5F9BB8}.Ad-Hoc|iPhone.Build.0 = Release|Any CPU
		{F1FC8413-9C49-4D07-B8B6-821EFF5F9BB8}.Ad-Hoc|iPhone.Deploy.0 = Release|Any CPU
		{F1FC8413-9C49-4D07-B8B6-821EFF5F9BB8}.Ad-Hoc|iPhoneSimulator.ActiveCfg = Release|Any CPU
		{F1FC8413-9C49-4D07-B8B6-821EFF5F9BB8}.Ad-Hoc|iPhoneSimulator.Build.0 = Release|Any CPU
		{F1FC8413-9C49-4D07-B8B6-821EFF5F9BB8}.Ad-Hoc|iPhoneSimulator.Deploy.0 = Release|Any CPU
		{F1FC8413-9C49-4D07-B8B6-821EFF5F9BB8}.Ad-Hoc|x64.ActiveCfg = Release|Any CPU
		{F1FC8413-9C49-4D07-B8B6-821EFF5F9BB8}.Ad-Hoc|x64.Build.0 = Release|Any CPU
		{F1FC8413-9C49-4D07-B8B6-821EFF5F9BB8}.Ad-Hoc|x64.Deploy.0 = Release|Any CPU
		{F1FC8413-9C49-4D07-B8B6-821EFF5F9BB8}.Ad-Hoc|x86.ActiveCfg = Release|Any CPU
		{F1FC8413-9C49-4D07-B8B6-821EFF5F9BB8}.Ad-Hoc|x86.Build.0 = Release|Any CPU
		{F1FC8413-9C49-4D07-B8B6-821EFF5F9BB8}.Ad-Hoc|x86.Deploy.0 = Release|Any CPU
		{F1FC8413-9C49-4D07-B8B6-821EFF5F9BB8}.AppStore|Any CPU.ActiveCfg = Release|Any CPU
		{F1FC8413-9C49-4D07-B8B6-821EFF5F9BB8}.AppStore|Any CPU.Build.0 = Release|Any CPU
		{F1FC8413-9C49-4D07-B8B6-821EFF5F9BB8}.AppStore|Any CPU.Deploy.0 = Release|Any CPU
		{F1FC8413-9C49-4D07-B8B6-821EFF5F9BB8}.AppStore|ARM.ActiveCfg = Release|Any CPU
		{F1FC8413-9C49-4D07-B8B6-821EFF5F9BB8}.AppStore|ARM.Build.0 = Release|Any CPU
		{F1FC8413-9C49-4D07-B8B6-821EFF5F9BB8}.AppStore|ARM.Deploy.0 = Release|Any CPU
		{F1FC8413-9C49-4D07-B8B6-821EFF5F9BB8}.AppStore|iPhone.ActiveCfg = Release|Any CPU
		{F1FC8413-9C49-4D07-B8B6-821EFF5F9BB8}.AppStore|iPhone.Build.0 = Release|Any CPU
		{F1FC8413-9C49-4D07-B8B6-821EFF5F9BB8}.AppStore|iPhone.Deploy.0 = Release|Any CPU
		{F1FC8413-9C49-4D07-B8B6-821EFF5F9BB8}.AppStore|iPhoneSimulator.ActiveCfg = Release|Any CPU
		{F1FC8413-9C49-4D07-B8B6-821EFF5F9BB8}.AppStore|iPhoneSimulator.Build.0 = Release|Any CPU
		{F1FC8413-9C49-4D07-B8B6-821EFF5F9BB8}.AppStore|iPhoneSimulator.Deploy.0 = Release|Any CPU
		{F1FC8413-9C49-4D07-B8B6-821EFF5F9BB8}.AppStore|x64.ActiveCfg = Release|Any CPU
		{F1FC8413-9C49-4D07-B8B6-821EFF5F9BB8}.AppStore|x64.Build.0 = Release|Any CPU
		{F1FC8413-9C49-4D07-B8B6-821EFF5F9BB8}.AppStore|x64.Deploy.0 = Release|Any CPU
		{F1FC8413-9C49-4D07-B8B6-821EFF5F9BB8}.AppStore|x86.ActiveCfg = Release|Any CPU
		{F1FC8413-9C49-4D07-B8B6-821EFF5F9BB8}.AppStore|x86.Build.0 = Release|Any CPU
		{F1FC8413-9C49-4D07-B8B6-821EFF5F9BB8}.AppStore|x86.Deploy.0 = Release|Any CPU
		{F1FC8413-9C49-4D07-B8B6-821EFF5F9BB8}.Debug|Any CPU.ActiveCfg = Debug|Any CPU
		{F1FC8413-9C49-4D07-B8B6-821EFF5F9BB8}.Debug|Any CPU.Build.0 = Debug|Any CPU
		{F1FC8413-9C49-4D07-B8B6-821EFF5F9BB8}.Debug|Any CPU.Deploy.0 = Debug|Any CPU
		{F1FC8413-9C49-4D07-B8B6-821EFF5F9BB8}.Debug|ARM.ActiveCfg = Debug|Any CPU
		{F1FC8413-9C49-4D07-B8B6-821EFF5F9BB8}.Debug|ARM.Build.0 = Debug|Any CPU
		{F1FC8413-9C49-4D07-B8B6-821EFF5F9BB8}.Debug|ARM.Deploy.0 = Debug|Any CPU
		{F1FC8413-9C49-4D07-B8B6-821EFF5F9BB8}.Debug|iPhone.ActiveCfg = Debug|Any CPU
		{F1FC8413-9C49-4D07-B8B6-821EFF5F9BB8}.Debug|iPhone.Build.0 = Debug|Any CPU
		{F1FC8413-9C49-4D07-B8B6-821EFF5F9BB8}.Debug|iPhone.Deploy.0 = Debug|Any CPU
		{F1FC8413-9C49-4D07-B8B6-821EFF5F9BB8}.Debug|iPhoneSimulator.ActiveCfg = Debug|Any CPU
		{F1FC8413-9C49-4D07-B8B6-821EFF5F9BB8}.Debug|iPhoneSimulator.Build.0 = Debug|Any CPU
		{F1FC8413-9C49-4D07-B8B6-821EFF5F9BB8}.Debug|iPhoneSimulator.Deploy.0 = Debug|Any CPU
		{F1FC8413-9C49-4D07-B8B6-821EFF5F9BB8}.Debug|x64.ActiveCfg = Debug|Any CPU
		{F1FC8413-9C49-4D07-B8B6-821EFF5F9BB8}.Debug|x64.Build.0 = Debug|Any CPU
		{F1FC8413-9C49-4D07-B8B6-821EFF5F9BB8}.Debug|x64.Deploy.0 = Debug|Any CPU
		{F1FC8413-9C49-4D07-B8B6-821EFF5F9BB8}.Debug|x86.ActiveCfg = Debug|Any CPU
		{F1FC8413-9C49-4D07-B8B6-821EFF5F9BB8}.Debug|x86.Build.0 = Debug|Any CPU
		{F1FC8413-9C49-4D07-B8B6-821EFF5F9BB8}.Debug|x86.Deploy.0 = Debug|Any CPU
		{F1FC8413-9C49-4D07-B8B6-821EFF5F9BB8}.Release|Any CPU.ActiveCfg = Release|Any CPU
		{F1FC8413-9C49-4D07-B8B6-821EFF5F9BB8}.Release|Any CPU.Build.0 = Release|Any CPU
		{F1FC8413-9C49-4D07-B8B6-821EFF5F9BB8}.Release|Any CPU.Deploy.0 = Release|Any CPU
		{F1FC8413-9C49-4D07-B8B6-821EFF5F9BB8}.Release|ARM.ActiveCfg = Release|Any CPU
		{F1FC8413-9C49-4D07-B8B6-821EFF5F9BB8}.Release|ARM.Build.0 = Release|Any CPU
		{F1FC8413-9C49-4D07-B8B6-821EFF5F9BB8}.Release|ARM.Deploy.0 = Release|Any CPU
		{F1FC8413-9C49-4D07-B8B6-821EFF5F9BB8}.Release|iPhone.ActiveCfg = Release|Any CPU
		{F1FC8413-9C49-4D07-B8B6-821EFF5F9BB8}.Release|iPhone.Build.0 = Release|Any CPU
		{F1FC8413-9C49-4D07-B8B6-821EFF5F9BB8}.Release|iPhone.Deploy.0 = Release|Any CPU
		{F1FC8413-9C49-4D07-B8B6-821EFF5F9BB8}.Release|iPhoneSimulator.ActiveCfg = Release|Any CPU
		{F1FC8413-9C49-4D07-B8B6-821EFF5F9BB8}.Release|iPhoneSimulator.Build.0 = Release|Any CPU
		{F1FC8413-9C49-4D07-B8B6-821EFF5F9BB8}.Release|iPhoneSimulator.Deploy.0 = Release|Any CPU
		{F1FC8413-9C49-4D07-B8B6-821EFF5F9BB8}.Release|x64.ActiveCfg = Release|Any CPU
		{F1FC8413-9C49-4D07-B8B6-821EFF5F9BB8}.Release|x64.Build.0 = Release|Any CPU
		{F1FC8413-9C49-4D07-B8B6-821EFF5F9BB8}.Release|x64.Deploy.0 = Release|Any CPU
		{F1FC8413-9C49-4D07-B8B6-821EFF5F9BB8}.Release|x86.ActiveCfg = Release|Any CPU
		{F1FC8413-9C49-4D07-B8B6-821EFF5F9BB8}.Release|x86.Build.0 = Release|Any CPU
		{F1FC8413-9C49-4D07-B8B6-821EFF5F9BB8}.Release|x86.Deploy.0 = Release|Any CPU
		{5F494768-A86B-4689-8FA0-562CE3190D0F}.Ad-Hoc|Any CPU.ActiveCfg = Ad-Hoc|iPhone
		{5F494768-A86B-4689-8FA0-562CE3190D0F}.Ad-Hoc|ARM.ActiveCfg = Ad-Hoc|iPhone
		{5F494768-A86B-4689-8FA0-562CE3190D0F}.Ad-Hoc|iPhone.ActiveCfg = Ad-Hoc|iPhone
		{5F494768-A86B-4689-8FA0-562CE3190D0F}.Ad-Hoc|iPhone.Build.0 = Ad-Hoc|iPhone
		{5F494768-A86B-4689-8FA0-562CE3190D0F}.Ad-Hoc|iPhoneSimulator.ActiveCfg = Ad-Hoc|iPhoneSimulator
		{5F494768-A86B-4689-8FA0-562CE3190D0F}.Ad-Hoc|iPhoneSimulator.Build.0 = Ad-Hoc|iPhoneSimulator
		{5F494768-A86B-4689-8FA0-562CE3190D0F}.Ad-Hoc|x64.ActiveCfg = Ad-Hoc|iPhone
		{5F494768-A86B-4689-8FA0-562CE3190D0F}.Ad-Hoc|x86.ActiveCfg = Ad-Hoc|iPhone
		{5F494768-A86B-4689-8FA0-562CE3190D0F}.AppStore|Any CPU.ActiveCfg = AppStore|iPhone
		{5F494768-A86B-4689-8FA0-562CE3190D0F}.AppStore|ARM.ActiveCfg = AppStore|iPhone
		{5F494768-A86B-4689-8FA0-562CE3190D0F}.AppStore|iPhone.ActiveCfg = AppStore|iPhone
		{5F494768-A86B-4689-8FA0-562CE3190D0F}.AppStore|iPhone.Build.0 = AppStore|iPhone
		{5F494768-A86B-4689-8FA0-562CE3190D0F}.AppStore|iPhoneSimulator.ActiveCfg = AppStore|iPhoneSimulator
		{5F494768-A86B-4689-8FA0-562CE3190D0F}.AppStore|iPhoneSimulator.Build.0 = AppStore|iPhoneSimulator
		{5F494768-A86B-4689-8FA0-562CE3190D0F}.AppStore|x64.ActiveCfg = AppStore|iPhone
		{5F494768-A86B-4689-8FA0-562CE3190D0F}.AppStore|x86.ActiveCfg = AppStore|iPhone
		{5F494768-A86B-4689-8FA0-562CE3190D0F}.Debug|Any CPU.ActiveCfg = Debug|iPhone
		{5F494768-A86B-4689-8FA0-562CE3190D0F}.Debug|ARM.ActiveCfg = Debug|iPhone
		{5F494768-A86B-4689-8FA0-562CE3190D0F}.Debug|iPhone.ActiveCfg = Debug|iPhone
		{5F494768-A86B-4689-8FA0-562CE3190D0F}.Debug|iPhone.Build.0 = Debug|iPhone
		{5F494768-A86B-4689-8FA0-562CE3190D0F}.Debug|iPhoneSimulator.ActiveCfg = Debug|iPhoneSimulator
		{5F494768-A86B-4689-8FA0-562CE3190D0F}.Debug|iPhoneSimulator.Build.0 = Debug|iPhoneSimulator
		{5F494768-A86B-4689-8FA0-562CE3190D0F}.Debug|x64.ActiveCfg = Debug|iPhone
		{5F494768-A86B-4689-8FA0-562CE3190D0F}.Debug|x86.ActiveCfg = Debug|iPhone
		{5F494768-A86B-4689-8FA0-562CE3190D0F}.Release|Any CPU.ActiveCfg = Release|iPhone
		{5F494768-A86B-4689-8FA0-562CE3190D0F}.Release|ARM.ActiveCfg = Release|iPhone
		{5F494768-A86B-4689-8FA0-562CE3190D0F}.Release|iPhone.ActiveCfg = Release|iPhone
		{5F494768-A86B-4689-8FA0-562CE3190D0F}.Release|iPhone.Build.0 = Release|iPhone
		{5F494768-A86B-4689-8FA0-562CE3190D0F}.Release|iPhoneSimulator.ActiveCfg = Release|iPhoneSimulator
		{5F494768-A86B-4689-8FA0-562CE3190D0F}.Release|iPhoneSimulator.Build.0 = Release|iPhoneSimulator
		{5F494768-A86B-4689-8FA0-562CE3190D0F}.Release|x64.ActiveCfg = Release|iPhone
		{5F494768-A86B-4689-8FA0-562CE3190D0F}.Release|x86.ActiveCfg = Release|iPhone
		{0022FD75-FEE3-4539-9857-3A33C9923E48}.Ad-Hoc|Any CPU.ActiveCfg = Release|Any CPU
		{0022FD75-FEE3-4539-9857-3A33C9923E48}.Ad-Hoc|Any CPU.Build.0 = Release|Any CPU
		{0022FD75-FEE3-4539-9857-3A33C9923E48}.Ad-Hoc|ARM.ActiveCfg = Release|Any CPU
		{0022FD75-FEE3-4539-9857-3A33C9923E48}.Ad-Hoc|ARM.Build.0 = Release|Any CPU
		{0022FD75-FEE3-4539-9857-3A33C9923E48}.Ad-Hoc|iPhone.ActiveCfg = Release|Any CPU
		{0022FD75-FEE3-4539-9857-3A33C9923E48}.Ad-Hoc|iPhone.Build.0 = Release|Any CPU
		{0022FD75-FEE3-4539-9857-3A33C9923E48}.Ad-Hoc|iPhoneSimulator.ActiveCfg = Release|Any CPU
		{0022FD75-FEE3-4539-9857-3A33C9923E48}.Ad-Hoc|iPhoneSimulator.Build.0 = Release|Any CPU
		{0022FD75-FEE3-4539-9857-3A33C9923E48}.Ad-Hoc|x64.ActiveCfg = Release|Any CPU
		{0022FD75-FEE3-4539-9857-3A33C9923E48}.Ad-Hoc|x64.Build.0 = Release|Any CPU
		{0022FD75-FEE3-4539-9857-3A33C9923E48}.Ad-Hoc|x86.ActiveCfg = Release|Any CPU
		{0022FD75-FEE3-4539-9857-3A33C9923E48}.Ad-Hoc|x86.Build.0 = Release|Any CPU
		{0022FD75-FEE3-4539-9857-3A33C9923E48}.AppStore|Any CPU.ActiveCfg = Release|Any CPU
		{0022FD75-FEE3-4539-9857-3A33C9923E48}.AppStore|Any CPU.Build.0 = Release|Any CPU
		{0022FD75-FEE3-4539-9857-3A33C9923E48}.AppStore|ARM.ActiveCfg = Release|Any CPU
		{0022FD75-FEE3-4539-9857-3A33C9923E48}.AppStore|ARM.Build.0 = Release|Any CPU
		{0022FD75-FEE3-4539-9857-3A33C9923E48}.AppStore|iPhone.ActiveCfg = Release|Any CPU
		{0022FD75-FEE3-4539-9857-3A33C9923E48}.AppStore|iPhone.Build.0 = Release|Any CPU
		{0022FD75-FEE3-4539-9857-3A33C9923E48}.AppStore|iPhoneSimulator.ActiveCfg = Release|Any CPU
		{0022FD75-FEE3-4539-9857-3A33C9923E48}.AppStore|iPhoneSimulator.Build.0 = Release|Any CPU
		{0022FD75-FEE3-4539-9857-3A33C9923E48}.AppStore|x64.ActiveCfg = Release|Any CPU
		{0022FD75-FEE3-4539-9857-3A33C9923E48}.AppStore|x64.Build.0 = Release|Any CPU
		{0022FD75-FEE3-4539-9857-3A33C9923E48}.AppStore|x86.ActiveCfg = Release|Any CPU
		{0022FD75-FEE3-4539-9857-3A33C9923E48}.AppStore|x86.Build.0 = Release|Any CPU
		{0022FD75-FEE3-4539-9857-3A33C9923E48}.Debug|Any CPU.ActiveCfg = Debug|Any CPU
		{0022FD75-FEE3-4539-9857-3A33C9923E48}.Debug|Any CPU.Build.0 = Debug|Any CPU
		{0022FD75-FEE3-4539-9857-3A33C9923E48}.Debug|ARM.ActiveCfg = Debug|Any CPU
		{0022FD75-FEE3-4539-9857-3A33C9923E48}.Debug|ARM.Build.0 = Debug|Any CPU
		{0022FD75-FEE3-4539-9857-3A33C9923E48}.Debug|iPhone.ActiveCfg = Debug|Any CPU
		{0022FD75-FEE3-4539-9857-3A33C9923E48}.Debug|iPhone.Build.0 = Debug|Any CPU
		{0022FD75-FEE3-4539-9857-3A33C9923E48}.Debug|iPhoneSimulator.ActiveCfg = Debug|Any CPU
		{0022FD75-FEE3-4539-9857-3A33C9923E48}.Debug|iPhoneSimulator.Build.0 = Debug|Any CPU
		{0022FD75-FEE3-4539-9857-3A33C9923E48}.Debug|x64.ActiveCfg = Debug|Any CPU
		{0022FD75-FEE3-4539-9857-3A33C9923E48}.Debug|x64.Build.0 = Debug|Any CPU
		{0022FD75-FEE3-4539-9857-3A33C9923E48}.Debug|x86.ActiveCfg = Debug|Any CPU
		{0022FD75-FEE3-4539-9857-3A33C9923E48}.Debug|x86.Build.0 = Debug|Any CPU
		{0022FD75-FEE3-4539-9857-3A33C9923E48}.Release|Any CPU.ActiveCfg = Release|Any CPU
		{0022FD75-FEE3-4539-9857-3A33C9923E48}.Release|Any CPU.Build.0 = Release|Any CPU
		{0022FD75-FEE3-4539-9857-3A33C9923E48}.Release|ARM.ActiveCfg = Release|Any CPU
		{0022FD75-FEE3-4539-9857-3A33C9923E48}.Release|ARM.Build.0 = Release|Any CPU
		{0022FD75-FEE3-4539-9857-3A33C9923E48}.Release|iPhone.ActiveCfg = Release|Any CPU
		{0022FD75-FEE3-4539-9857-3A33C9923E48}.Release|iPhone.Build.0 = Release|Any CPU
		{0022FD75-FEE3-4539-9857-3A33C9923E48}.Release|iPhoneSimulator.ActiveCfg = Release|Any CPU
		{0022FD75-FEE3-4539-9857-3A33C9923E48}.Release|iPhoneSimulator.Build.0 = Release|Any CPU
		{0022FD75-FEE3-4539-9857-3A33C9923E48}.Release|x64.ActiveCfg = Release|Any CPU
		{0022FD75-FEE3-4539-9857-3A33C9923E48}.Release|x64.Build.0 = Release|Any CPU
		{0022FD75-FEE3-4539-9857-3A33C9923E48}.Release|x86.ActiveCfg = Release|Any CPU
		{0022FD75-FEE3-4539-9857-3A33C9923E48}.Release|x86.Build.0 = Release|Any CPU
	EndGlobalSection
	GlobalSection(SolutionProperties) = preSolution
		HideSolutionNode = FALSE
	EndGlobalSection
EndGlobal
